
Microsoft Visual Studio Solution File, Format Version 12.00
# Visual Studio Version 16
VisualStudioVersion = 16.0.30717.126
MinimumVisualStudioVersion = 10.0.40219.1
Project("{FAE04EC0-301F-11D3-BF4B-00C04F79EFBC}") = "Module_3.1", "Module_3.1\Module_3.1.csproj", "{FEF9AA51-CBB8-41B3-9C49-03D5CF0298B8}"
EndProject
Project("{FAE04EC0-301F-11D3-BF4B-00C04F79EFBC}") = "Newton.Tests", "Newton.Tests\Newton.Tests.csproj", "{6DABC70E-3C5D-4793-9C89-AA66EC0EE8D5}"
EndProject
Project("{FAE04EC0-301F-11D3-BF4B-00C04F79EFBC}") = "BubbleSorting", "BubbleSorting\BubbleSorting.csproj", "{A53A51EF-112E-4E16-8932-3846C12B21C3}"
EndProject
Global
	GlobalSection(SolutionConfigurationPlatforms) = preSolution
		Debug|Any CPU = Debug|Any CPU
		Release|Any CPU = Release|Any CPU
	EndGlobalSection
	GlobalSection(ProjectConfigurationPlatforms) = postSolution
		{FEF9AA51-CBB8-41B3-9C49-03D5CF0298B8}.Debug|Any CPU.ActiveCfg = Debug|Any CPU
		{FEF9AA51-CBB8-41B3-9C49-03D5CF0298B8}.Debug|Any CPU.Build.0 = Debug|Any CPU
		{FEF9AA51-CBB8-41B3-9C49-03D5CF0298B8}.Release|Any CPU.ActiveCfg = Release|Any CPU
		{FEF9AA51-CBB8-41B3-9C49-03D5CF0298B8}.Release|Any CPU.Build.0 = Release|Any CPU
		{6DABC70E-3C5D-4793-9C89-AA66EC0EE8D5}.Debug|Any CPU.ActiveCfg = Debug|Any CPU
		{6DABC70E-3C5D-4793-9C89-AA66EC0EE8D5}.Debug|Any CPU.Build.0 = Debug|Any CPU
		{6DABC70E-3C5D-4793-9C89-AA66EC0EE8D5}.Release|Any CPU.ActiveCfg = Release|Any CPU
		{6DABC70E-3C5D-4793-9C89-AA66EC0EE8D5}.Release|Any CPU.Build.0 = Release|Any CPU
		{A53A51EF-112E-4E16-8932-3846C12B21C3}.Debug|Any CPU.ActiveCfg = Debug|Any CPU
		{A53A51EF-112E-4E16-8932-3846C12B21C3}.Debug|Any CPU.Build.0 = Debug|Any CPU
		{A53A51EF-112E-4E16-8932-3846C12B21C3}.Release|Any CPU.ActiveCfg = Release|Any CPU
		{A53A51EF-112E-4E16-8932-3846C12B21C3}.Release|Any CPU.Build.0 = Release|Any CPU
	EndGlobalSection
	GlobalSection(SolutionProperties) = preSolution
		HideSolutionNode = FALSE
	EndGlobalSection
	GlobalSection(ExtensibilityGlobals) = postSolution
		SolutionGuid = {76C9D796-9C30-4FB4-AEC5-E0DCD952B8D7}
	EndGlobalSection
EndGlobal
